// !$*UTF8*$!
{
	archiveVersion = 1;
	classes = {
	};
	objectVersion = 50;
	objects = {

/* Begin PBXBuildFile section */
		1B14821E218D124D0062AC4A /* RelayUITestFactoryIndex.swift in Sources */ = {isa = PBXBuildFile; fileRef = 1B14821C218D12470062AC4A /* RelayUITestFactoryIndex.swift */; };
		1B148222218D12C30062AC4A /* RelayUITestDependencyKeys.swift in Sources */ = {isa = PBXBuildFile; fileRef = 1B148221218D12C30062AC4A /* RelayUITestDependencyKeys.swift */; };
		1B148223218D12C30062AC4A /* RelayUITestDependencyKeys.swift in Sources */ = {isa = PBXBuildFile; fileRef = 1B148221218D12C30062AC4A /* RelayUITestDependencyKeys.swift */; };
		1B148224218D15F60062AC4A /* DependencyKeyExtensions.swift in Sources */ = {isa = PBXBuildFile; fileRef = 1B1FFE19218B847300A1A793 /* DependencyKeyExtensions.swift */; };
		1B1FFE18218B844800A1A793 /* DefaultDependencyTypeIndex.swift in Sources */ = {isa = PBXBuildFile; fileRef = 1B1FFE17218B844800A1A793 /* DefaultDependencyTypeIndex.swift */; };
		1B1FFE1A218B847300A1A793 /* DependencyKeyExtensions.swift in Sources */ = {isa = PBXBuildFile; fileRef = 1B1FFE19218B847300A1A793 /* DependencyKeyExtensions.swift */; };
		1B1FFE1C218B85A300A1A793 /* DefaultDependencyFactoryIndex.swift in Sources */ = {isa = PBXBuildFile; fileRef = 1B1FFE1B218B85A300A1A793 /* DefaultDependencyFactoryIndex.swift */; };
		1B62F1552196345500FEE493 /* Relay.framework in CopyFiles */ = {isa = PBXBuildFile; fileRef = 1BE98C2D21963428004F7728 /* Relay.framework */; settings = {ATTRIBUTES = (CodeSignOnCopy, RemoveHeadersOnCopy, ); }; };
		1B668184218A0CE500094BC4 /* AppDelegate.swift in Sources */ = {isa = PBXBuildFile; fileRef = 1B668183218A0CE500094BC4 /* AppDelegate.swift */; };
		1B668186218A0CE500094BC4 /* RecipeViewController.swift in Sources */ = {isa = PBXBuildFile; fileRef = 1B668185218A0CE500094BC4 /* RecipeViewController.swift */; };
		1B668189218A0CE500094BC4 /* Main.storyboard in Resources */ = {isa = PBXBuildFile; fileRef = 1B668187218A0CE500094BC4 /* Main.storyboard */; };
		1B66818B218A0CE700094BC4 /* Assets.xcassets in Resources */ = {isa = PBXBuildFile; fileRef = 1B66818A218A0CE700094BC4 /* Assets.xcassets */; };
		1B66818E218A0CE700094BC4 /* LaunchScreen.storyboard in Resources */ = {isa = PBXBuildFile; fileRef = 1B66818C218A0CE700094BC4 /* LaunchScreen.storyboard */; };
		1B668199218A0CE700094BC4 /* RelayExampleIOSTests.swift in Sources */ = {isa = PBXBuildFile; fileRef = 1B668198218A0CE700094BC4 /* RelayExampleIOSTests.swift */; };
		1B6681A4218A0CE700094BC4 /* RelayExampleIOSUITests.swift in Sources */ = {isa = PBXBuildFile; fileRef = 1B6681A3218A0CE700094BC4 /* RelayExampleIOSUITests.swift */; };
		1B6681B4218A0D8200094BC4 /* Recipe.swift in Sources */ = {isa = PBXBuildFile; fileRef = 1B6681B3218A0D8200094BC4 /* Recipe.swift */; };
		1B6681B6218A0D8E00094BC4 /* RecipeInstruction.swift in Sources */ = {isa = PBXBuildFile; fileRef = 1B6681B5218A0D8E00094BC4 /* RecipeInstruction.swift */; };
		1B6681B8218A0DB500094BC4 /* RecipeIngredient.swift in Sources */ = {isa = PBXBuildFile; fileRef = 1B6681B7218A0DB500094BC4 /* RecipeIngredient.swift */; };
		1B6681BA218A0E1400094BC4 /* RecipeServiceType.swift in Sources */ = {isa = PBXBuildFile; fileRef = 1B6681B9218A0E1400094BC4 /* RecipeServiceType.swift */; };
		1B6681BC218A0E6700094BC4 /* RandomRecipeService.swift in Sources */ = {isa = PBXBuildFile; fileRef = 1B6681BB218A0E6700094BC4 /* RandomRecipeService.swift */; };
		1B6681BE218A107B00094BC4 /* RecipeServiceStub.swift in Sources */ = {isa = PBXBuildFile; fileRef = 1B6681BD218A107B00094BC4 /* RecipeServiceStub.swift */; };
		1B6681C1218A110200094BC4 /* RecipeDataStoreType.swift in Sources */ = {isa = PBXBuildFile; fileRef = 1B6681C0218A110200094BC4 /* RecipeDataStoreType.swift */; };
		1B6681C3218A117B00094BC4 /* RecipeViewModel.swift in Sources */ = {isa = PBXBuildFile; fileRef = 1B6681C2218A117B00094BC4 /* RecipeViewModel.swift */; };
		1B6681C5218A185F00094BC4 /* RecipeDataStore.swift in Sources */ = {isa = PBXBuildFile; fileRef = 1B6681C4218A185F00094BC4 /* RecipeDataStore.swift */; };
		1B6681C7218A189F00094BC4 /* RecipeDataStoreStub.swift in Sources */ = {isa = PBXBuildFile; fileRef = 1B6681C6218A189F00094BC4 /* RecipeDataStoreStub.swift */; };
		1B6681CD218A1CF400094BC4 /* DefaultDependencyRegistry.swift in Sources */ = {isa = PBXBuildFile; fileRef = 1B6681CC218A1CF400094BC4 /* DefaultDependencyRegistry.swift */; };
		1BE98C2621962E14004F7728 /* Relay.framework in Frameworks */ = {isa = PBXBuildFile; fileRef = 1BE98C2521962E14004F7728 /* Relay.framework */; };
		1BE98C2C219633F6004F7728 /* Relay.framework in Frameworks */ = {isa = PBXBuildFile; fileRef = 1BE98C2B219633F6004F7728 /* Relay.framework */; };
		1BE98C2E21963428004F7728 /* Relay.framework in Frameworks */ = {isa = PBXBuildFile; fileRef = 1BE98C2D21963428004F7728 /* Relay.framework */; };
		1BE98C2F21963428004F7728 /* Relay.framework in Embed Frameworks */ = {isa = PBXBuildFile; fileRef = 1BE98C2D21963428004F7728 /* Relay.framework */; settings = {ATTRIBUTES = (CodeSignOnCopy, RemoveHeadersOnCopy, ); }; };
/* End PBXBuildFile section */

/* Begin PBXContainerItemProxy section */
		1B668195218A0CE700094BC4 /* PBXContainerItemProxy */ = {
			isa = PBXContainerItemProxy;
			containerPortal = 1B668178218A0CE400094BC4 /* Project object */;
			proxyType = 1;
			remoteGlobalIDString = 1B66817F218A0CE500094BC4;
			remoteInfo = RelayExampleIOS;
		};
		1B6681A0218A0CE700094BC4 /* PBXContainerItemProxy */ = {
			isa = PBXContainerItemProxy;
			containerPortal = 1B668178218A0CE400094BC4 /* Project object */;
			proxyType = 1;
			remoteGlobalIDString = 1B66817F218A0CE500094BC4;
			remoteInfo = RelayExampleIOS;
		};
/* End PBXContainerItemProxy section */

/* Begin PBXCopyFilesBuildPhase section */
		1B62F1542196344E00FEE493 /* CopyFiles */ = {
			isa = PBXCopyFilesBuildPhase;
			buildActionMask = 2147483647;
			dstPath = "";
			dstSubfolderSpec = 10;
			files = (
				1B62F1552196345500FEE493 /* Relay.framework in CopyFiles */,
			);
			runOnlyForDeploymentPostprocessing = 0;
		};
		1BE98C3021963428004F7728 /* Embed Frameworks */ = {
			isa = PBXCopyFilesBuildPhase;
			buildActionMask = 2147483647;
			dstPath = "";
			dstSubfolderSpec = 10;
			files = (
				1BE98C2F21963428004F7728 /* Relay.framework in Embed Frameworks */,
			);
			name = "Embed Frameworks";
			runOnlyForDeploymentPostprocessing = 0;
		};
/* End PBXCopyFilesBuildPhase section */

/* Begin PBXFileReference section */
		1B14821C218D12470062AC4A /* RelayUITestFactoryIndex.swift */ = {isa = PBXFileReference; lastKnownFileType = sourcecode.swift; path = RelayUITestFactoryIndex.swift; sourceTree = "<group>"; };
		1B14821F218D12770062AC4A /* Relay.framework */ = {isa = PBXFileReference; explicitFileType = wrapper.framework; path = Relay.framework; sourceTree = BUILT_PRODUCTS_DIR; };
		1B148221218D12C30062AC4A /* RelayUITestDependencyKeys.swift */ = {isa = PBXFileReference; lastKnownFileType = sourcecode.swift; path = RelayUITestDependencyKeys.swift; sourceTree = "<group>"; };
		1B1FFE17218B844800A1A793 /* DefaultDependencyTypeIndex.swift */ = {isa = PBXFileReference; lastKnownFileType = sourcecode.swift; path = DefaultDependencyTypeIndex.swift; sourceTree = "<group>"; };
		1B1FFE19218B847300A1A793 /* DependencyKeyExtensions.swift */ = {isa = PBXFileReference; lastKnownFileType = sourcecode.swift; path = DependencyKeyExtensions.swift; sourceTree = "<group>"; };
		1B1FFE1B218B85A300A1A793 /* DefaultDependencyFactoryIndex.swift */ = {isa = PBXFileReference; lastKnownFileType = sourcecode.swift; path = DefaultDependencyFactoryIndex.swift; sourceTree = "<group>"; };
		1B668180218A0CE500094BC4 /* RelayExampleIOS.app */ = {isa = PBXFileReference; explicitFileType = wrapper.application; includeInIndex = 0; path = RelayExampleIOS.app; sourceTree = BUILT_PRODUCTS_DIR; };
		1B668183218A0CE500094BC4 /* AppDelegate.swift */ = {isa = PBXFileReference; lastKnownFileType = sourcecode.swift; path = AppDelegate.swift; sourceTree = "<group>"; };
		1B668185218A0CE500094BC4 /* RecipeViewController.swift */ = {isa = PBXFileReference; lastKnownFileType = sourcecode.swift; path = RecipeViewController.swift; sourceTree = "<group>"; };
		1B668188218A0CE500094BC4 /* Base */ = {isa = PBXFileReference; lastKnownFileType = file.storyboard; name = Base; path = Base.lproj/Main.storyboard; sourceTree = "<group>"; };
		1B66818A218A0CE700094BC4 /* Assets.xcassets */ = {isa = PBXFileReference; lastKnownFileType = folder.assetcatalog; path = Assets.xcassets; sourceTree = "<group>"; };
		1B66818D218A0CE700094BC4 /* Base */ = {isa = PBXFileReference; lastKnownFileType = file.storyboard; name = Base; path = Base.lproj/LaunchScreen.storyboard; sourceTree = "<group>"; };
		1B66818F218A0CE700094BC4 /* Info.plist */ = {isa = PBXFileReference; lastKnownFileType = text.plist.xml; path = Info.plist; sourceTree = "<group>"; };
		1B668194218A0CE700094BC4 /* RelayExampleIOSTests.xctest */ = {isa = PBXFileReference; explicitFileType = wrapper.cfbundle; includeInIndex = 0; path = RelayExampleIOSTests.xctest; sourceTree = BUILT_PRODUCTS_DIR; };
		1B668198218A0CE700094BC4 /* RelayExampleIOSTests.swift */ = {isa = PBXFileReference; lastKnownFileType = sourcecode.swift; path = RelayExampleIOSTests.swift; sourceTree = "<group>"; };
		1B66819A218A0CE700094BC4 /* Info.plist */ = {isa = PBXFileReference; lastKnownFileType = text.plist.xml; path = Info.plist; sourceTree = "<group>"; };
		1B66819F218A0CE700094BC4 /* RelayExampleIOSUITests.xctest */ = {isa = PBXFileReference; explicitFileType = wrapper.cfbundle; includeInIndex = 0; path = RelayExampleIOSUITests.xctest; sourceTree = BUILT_PRODUCTS_DIR; };
		1B6681A3218A0CE700094BC4 /* RelayExampleIOSUITests.swift */ = {isa = PBXFileReference; lastKnownFileType = sourcecode.swift; path = RelayExampleIOSUITests.swift; sourceTree = "<group>"; };
		1B6681A5218A0CE700094BC4 /* Info.plist */ = {isa = PBXFileReference; lastKnownFileType = text.plist.xml; path = Info.plist; sourceTree = "<group>"; };
		1B6681B3218A0D8200094BC4 /* Recipe.swift */ = {isa = PBXFileReference; lastKnownFileType = sourcecode.swift; path = Recipe.swift; sourceTree = "<group>"; };
		1B6681B5218A0D8E00094BC4 /* RecipeInstruction.swift */ = {isa = PBXFileReference; lastKnownFileType = sourcecode.swift; path = RecipeInstruction.swift; sourceTree = "<group>"; };
		1B6681B7218A0DB500094BC4 /* RecipeIngredient.swift */ = {isa = PBXFileReference; lastKnownFileType = sourcecode.swift; path = RecipeIngredient.swift; sourceTree = "<group>"; };
		1B6681B9218A0E1400094BC4 /* RecipeServiceType.swift */ = {isa = PBXFileReference; lastKnownFileType = sourcecode.swift; path = RecipeServiceType.swift; sourceTree = "<group>"; };
		1B6681BB218A0E6700094BC4 /* RandomRecipeService.swift */ = {isa = PBXFileReference; lastKnownFileType = sourcecode.swift; path = RandomRecipeService.swift; sourceTree = "<group>"; };
		1B6681BD218A107B00094BC4 /* RecipeServiceStub.swift */ = {isa = PBXFileReference; lastKnownFileType = sourcecode.swift; path = RecipeServiceStub.swift; sourceTree = "<group>"; };
		1B6681C0218A110200094BC4 /* RecipeDataStoreType.swift */ = {isa = PBXFileReference; lastKnownFileType = sourcecode.swift; path = RecipeDataStoreType.swift; sourceTree = "<group>"; };
		1B6681C2218A117B00094BC4 /* RecipeViewModel.swift */ = {isa = PBXFileReference; lastKnownFileType = sourcecode.swift; path = RecipeViewModel.swift; sourceTree = "<group>"; };
		1B6681C4218A185F00094BC4 /* RecipeDataStore.swift */ = {isa = PBXFileReference; lastKnownFileType = sourcecode.swift; path = RecipeDataStore.swift; sourceTree = "<group>"; };
		1B6681C6218A189F00094BC4 /* RecipeDataStoreStub.swift */ = {isa = PBXFileReference; lastKnownFileType = sourcecode.swift; path = RecipeDataStoreStub.swift; sourceTree = "<group>"; };
		1B6681C9218A1CD000094BC4 /* Relay.framework */ = {isa = PBXFileReference; explicitFileType = wrapper.framework; path = Relay.framework; sourceTree = BUILT_PRODUCTS_DIR; };
		1B6681CC218A1CF400094BC4 /* DefaultDependencyRegistry.swift */ = {isa = PBXFileReference; lastKnownFileType = sourcecode.swift; path = DefaultDependencyRegistry.swift; sourceTree = "<group>"; };
		1BE98C2521962E14004F7728 /* Relay.framework */ = {isa = PBXFileReference; explicitFileType = wrapper.framework; path = Relay.framework; sourceTree = BUILT_PRODUCTS_DIR; };
		1BE98C2B219633F6004F7728 /* Relay.framework */ = {isa = PBXFileReference; explicitFileType = wrapper.framework; path = Relay.framework; sourceTree = BUILT_PRODUCTS_DIR; };
		1BE98C2D21963428004F7728 /* Relay.framework */ = {isa = PBXFileReference; explicitFileType = wrapper.framework; path = Relay.framework; sourceTree = BUILT_PRODUCTS_DIR; };
/* End PBXFileReference section */

/* Begin PBXFrameworksBuildPhase section */
		1B66817D218A0CE500094BC4 /* Frameworks */ = {
			isa = PBXFrameworksBuildPhase;
			buildActionMask = 2147483647;
			files = (
				1BE98C2E21963428004F7728 /* Relay.framework in Frameworks */,
				1BE98C2621962E14004F7728 /* Relay.framework in Frameworks */,
			);
			runOnlyForDeploymentPostprocessing = 0;
		};
		1B668191218A0CE700094BC4 /* Frameworks */ = {
			isa = PBXFrameworksBuildPhase;
			buildActionMask = 2147483647;
			files = (
			);
			runOnlyForDeploymentPostprocessing = 0;
		};
		1B66819C218A0CE700094BC4 /* Frameworks */ = {
			isa = PBXFrameworksBuildPhase;
			buildActionMask = 2147483647;
			files = (
				1BE98C2C219633F6004F7728 /* Relay.framework in Frameworks */,
			);
			runOnlyForDeploymentPostprocessing = 0;
		};
/* End PBXFrameworksBuildPhase section */

/* Begin PBXGroup section */
		1B1FFE16218B843A00A1A793 /* Indicies */ = {
			isa = PBXGroup;
			children = (
				1B1FFE1B218B85A300A1A793 /* DefaultDependencyFactoryIndex.swift */,
				1B1FFE17218B844800A1A793 /* DefaultDependencyTypeIndex.swift */,
			);
			path = Indicies;
			sourceTree = "<group>";
		};
		1B668177218A0CE400094BC4 = {
			isa = PBXGroup;
			children = (
				1BE98C2D21963428004F7728 /* Relay.framework */,
				1B668182218A0CE500094BC4 /* RelayExampleIOS */,
				1B668197218A0CE700094BC4 /* RelayExampleIOSTests */,
				1B6681A2218A0CE700094BC4 /* RelayExampleIOSUITests */,
				1B668181218A0CE500094BC4 /* Products */,
				1B6681C8218A1CD000094BC4 /* Frameworks */,
			);
			sourceTree = "<group>";
		};
		1B668181218A0CE500094BC4 /* Products */ = {
			isa = PBXGroup;
			children = (
				1B668180218A0CE500094BC4 /* RelayExampleIOS.app */,
				1B668194218A0CE700094BC4 /* RelayExampleIOSTests.xctest */,
				1B66819F218A0CE700094BC4 /* RelayExampleIOSUITests.xctest */,
			);
			name = Products;
			sourceTree = "<group>";
		};
		1B668182218A0CE500094BC4 /* RelayExampleIOS */ = {
			isa = PBXGroup;
			children = (
				1B6681CB218A1CEB00094BC4 /* Dependencies */,
				1B6681B2218A0D7000094BC4 /* Models */,
				1B6681B1218A0D5300094BC4 /* Services */,
				1B6681BF218A10BF00094BC4 /* ViewControllers */,
				1B668183218A0CE500094BC4 /* AppDelegate.swift */,
				1B668187218A0CE500094BC4 /* Main.storyboard */,
				1B66818A218A0CE700094BC4 /* Assets.xcassets */,
				1B66818C218A0CE700094BC4 /* LaunchScreen.storyboard */,
				1B66818F218A0CE700094BC4 /* Info.plist */,
			);
			path = RelayExampleIOS;
			sourceTree = "<group>";
		};
		1B668197218A0CE700094BC4 /* RelayExampleIOSTests */ = {
			isa = PBXGroup;
			children = (
				1B668198218A0CE700094BC4 /* RelayExampleIOSTests.swift */,
				1B66819A218A0CE700094BC4 /* Info.plist */,
			);
			path = RelayExampleIOSTests;
			sourceTree = "<group>";
		};
		1B6681A2218A0CE700094BC4 /* RelayExampleIOSUITests */ = {
			isa = PBXGroup;
			children = (
				1B6681A3218A0CE700094BC4 /* RelayExampleIOSUITests.swift */,
				1B14821C218D12470062AC4A /* RelayUITestFactoryIndex.swift */,
				1B148221218D12C30062AC4A /* RelayUITestDependencyKeys.swift */,
				1B6681A5218A0CE700094BC4 /* Info.plist */,
			);
			path = RelayExampleIOSUITests;
			sourceTree = "<group>";
		};
		1B6681B1218A0D5300094BC4 /* Services */ = {
			isa = PBXGroup;
			children = (
				1B6681BB218A0E6700094BC4 /* RandomRecipeService.swift */,
				1B6681BD218A107B00094BC4 /* RecipeServiceStub.swift */,
				1B6681B9218A0E1400094BC4 /* RecipeServiceType.swift */,
			);
			path = Services;
			sourceTree = "<group>";
		};
		1B6681B2218A0D7000094BC4 /* Models */ = {
			isa = PBXGroup;
			children = (
				1B6681B3218A0D8200094BC4 /* Recipe.swift */,
				1B6681B7218A0DB500094BC4 /* RecipeIngredient.swift */,
				1B6681B5218A0D8E00094BC4 /* RecipeInstruction.swift */,
			);
			path = Models;
			sourceTree = "<group>";
		};
		1B6681BF218A10BF00094BC4 /* ViewControllers */ = {
			isa = PBXGroup;
			children = (
				1B6681C0218A110200094BC4 /* RecipeDataStoreType.swift */,
				1B6681C4218A185F00094BC4 /* RecipeDataStore.swift */,
				1B6681C6218A189F00094BC4 /* RecipeDataStoreStub.swift */,
				1B668185218A0CE500094BC4 /* RecipeViewController.swift */,
				1B6681C2218A117B00094BC4 /* RecipeViewModel.swift */,
			);
			path = ViewControllers;
			sourceTree = "<group>";
		};
		1B6681C8218A1CD000094BC4 /* Frameworks */ = {
			isa = PBXGroup;
			children = (
				1BE98C2B219633F6004F7728 /* Relay.framework */,
				1BE98C2521962E14004F7728 /* Relay.framework */,
				1B14821F218D12770062AC4A /* Relay.framework */,
				1B6681C9218A1CD000094BC4 /* Relay.framework */,
			);
			name = Frameworks;
			sourceTree = "<group>";
		};
		1B6681CB218A1CEB00094BC4 /* Dependencies */ = {
			isa = PBXGroup;
			children = (
				1B1FFE16218B843A00A1A793 /* Indicies */,
				1B6681CC218A1CF400094BC4 /* DefaultDependencyRegistry.swift */,
				1B1FFE19218B847300A1A793 /* DependencyKeyExtensions.swift */,
			);
			path = Dependencies;
			sourceTree = "<group>";
		};
/* End PBXGroup section */

/* Begin PBXNativeTarget section */
		1B66817F218A0CE500094BC4 /* RelayExampleIOS */ = {
			isa = PBXNativeTarget;
			buildConfigurationList = 1B6681A8218A0CE700094BC4 /* Build configuration list for PBXNativeTarget "RelayExampleIOS" */;
			buildPhases = (
				1B66817C218A0CE500094BC4 /* Sources */,
				1B66817D218A0CE500094BC4 /* Frameworks */,
				1B66817E218A0CE500094BC4 /* Resources */,
				1BE98C3021963428004F7728 /* Embed Frameworks */,
			);
			buildRules = (
			);
			dependencies = (
			);
			name = RelayExampleIOS;
			productName = RelayExampleIOS;
			productReference = 1B668180218A0CE500094BC4 /* RelayExampleIOS.app */;
			productType = "com.apple.product-type.application";
		};
		1B668193218A0CE700094BC4 /* RelayExampleIOSTests */ = {
			isa = PBXNativeTarget;
			buildConfigurationList = 1B6681AB218A0CE700094BC4 /* Build configuration list for PBXNativeTarget "RelayExampleIOSTests" */;
			buildPhases = (
				1B668190218A0CE700094BC4 /* Sources */,
				1B668191218A0CE700094BC4 /* Frameworks */,
				1B668192218A0CE700094BC4 /* Resources */,
			);
			buildRules = (
			);
			dependencies = (
				1B668196218A0CE700094BC4 /* PBXTargetDependency */,
			);
			name = RelayExampleIOSTests;
			productName = RelayExampleIOSTests;
			productReference = 1B668194218A0CE700094BC4 /* RelayExampleIOSTests.xctest */;
			productType = "com.apple.product-type.bundle.unit-test";
		};
		1B66819E218A0CE700094BC4 /* RelayExampleIOSUITests */ = {
			isa = PBXNativeTarget;
			buildConfigurationList = 1B6681AE218A0CE700094BC4 /* Build configuration list for PBXNativeTarget "RelayExampleIOSUITests" */;
			buildPhases = (
				1B66819B218A0CE700094BC4 /* Sources */,
				1B66819C218A0CE700094BC4 /* Frameworks */,
				1B66819D218A0CE700094BC4 /* Resources */,
				1B62F1542196344E00FEE493 /* CopyFiles */,
			);
			buildRules = (
			);
			dependencies = (
				1B6681A1218A0CE700094BC4 /* PBXTargetDependency */,
			);
			name = RelayExampleIOSUITests;
			productName = RelayExampleIOSUITests;
			productReference = 1B66819F218A0CE700094BC4 /* RelayExampleIOSUITests.xctest */;
			productType = "com.apple.product-type.bundle.ui-testing";
		};
/* End PBXNativeTarget section */

/* Begin PBXProject section */
		1B668178218A0CE400094BC4 /* Project object */ = {
			isa = PBXProject;
			attributes = {
				LastSwiftUpdateCheck = 1000;
				LastUpgradeCheck = 1000;
				ORGANIZATIONNAME = MINDBODY;
				TargetAttributes = {
					1B66817F218A0CE500094BC4 = {
						CreatedOnToolsVersion = 10.0;
					};
					1B668193218A0CE700094BC4 = {
						CreatedOnToolsVersion = 10.0;
						TestTargetID = 1B66817F218A0CE500094BC4;
					};
					1B66819E218A0CE700094BC4 = {
						CreatedOnToolsVersion = 10.0;
						TestTargetID = 1B66817F218A0CE500094BC4;
					};
				};
			};
			buildConfigurationList = 1B66817B218A0CE400094BC4 /* Build configuration list for PBXProject "RelayExampleIOS" */;
			compatibilityVersion = "Xcode 9.3";
			developmentRegion = en;
			hasScannedForEncodings = 0;
			knownRegions = (
				en,
				Base,
			);
			mainGroup = 1B668177218A0CE400094BC4;
			productRefGroup = 1B668181218A0CE500094BC4 /* Products */;
			projectDirPath = "";
			projectRoot = "";
			targets = (
				1B66817F218A0CE500094BC4 /* RelayExampleIOS */,
				1B668193218A0CE700094BC4 /* RelayExampleIOSTests */,
				1B66819E218A0CE700094BC4 /* RelayExampleIOSUITests */,
			);
		};
/* End PBXProject section */

/* Begin PBXResourcesBuildPhase section */
		1B66817E218A0CE500094BC4 /* Resources */ = {
			isa = PBXResourcesBuildPhase;
			buildActionMask = 2147483647;
			files = (
				1B66818E218A0CE700094BC4 /* LaunchScreen.storyboard in Resources */,
				1B66818B218A0CE700094BC4 /* Assets.xcassets in Resources */,
				1B668189218A0CE500094BC4 /* Main.storyboard in Resources */,
			);
			runOnlyForDeploymentPostprocessing = 0;
		};
		1B668192218A0CE700094BC4 /* Resources */ = {
			isa = PBXResourcesBuildPhase;
			buildActionMask = 2147483647;
			files = (
			);
			runOnlyForDeploymentPostprocessing = 0;
		};
		1B66819D218A0CE700094BC4 /* Resources */ = {
			isa = PBXResourcesBuildPhase;
			buildActionMask = 2147483647;
			files = (
			);
			runOnlyForDeploymentPostprocessing = 0;
		};
/* End PBXResourcesBuildPhase section */

/* Begin PBXSourcesBuildPhase section */
		1B66817C218A0CE500094BC4 /* Sources */ = {
			isa = PBXSourcesBuildPhase;
			buildActionMask = 2147483647;
			files = (
				1B6681B6218A0D8E00094BC4 /* RecipeInstruction.swift in Sources */,
				1B6681C7218A189F00094BC4 /* RecipeDataStoreStub.swift in Sources */,
				1B1FFE1C218B85A300A1A793 /* DefaultDependencyFactoryIndex.swift in Sources */,
				1B6681C5218A185F00094BC4 /* RecipeDataStore.swift in Sources */,
				1B6681BE218A107B00094BC4 /* RecipeServiceStub.swift in Sources */,
				1B6681B4218A0D8200094BC4 /* Recipe.swift in Sources */,
				1B6681B8218A0DB500094BC4 /* RecipeIngredient.swift in Sources */,
				1B6681CD218A1CF400094BC4 /* DefaultDependencyRegistry.swift in Sources */,
				1B668186218A0CE500094BC4 /* RecipeViewController.swift in Sources */,
				1B668184218A0CE500094BC4 /* AppDelegate.swift in Sources */,
				1B6681C1218A110200094BC4 /* RecipeDataStoreType.swift in Sources */,
				1B1FFE1A218B847300A1A793 /* DependencyKeyExtensions.swift in Sources */,
				1B14821E218D124D0062AC4A /* RelayUITestFactoryIndex.swift in Sources */,
				1B6681BA218A0E1400094BC4 /* RecipeServiceType.swift in Sources */,
				1B148222218D12C30062AC4A /* RelayUITestDependencyKeys.swift in Sources */,
				1B6681C3218A117B00094BC4 /* RecipeViewModel.swift in Sources */,
				1B1FFE18218B844800A1A793 /* DefaultDependencyTypeIndex.swift in Sources */,
				1B6681BC218A0E6700094BC4 /* RandomRecipeService.swift in Sources */,
			);
			runOnlyForDeploymentPostprocessing = 0;
		};
		1B668190218A0CE700094BC4 /* Sources */ = {
			isa = PBXSourcesBuildPhase;
			buildActionMask = 2147483647;
			files = (
				1B668199218A0CE700094BC4 /* RelayExampleIOSTests.swift in Sources */,
			);
			runOnlyForDeploymentPostprocessing = 0;
		};
		1B66819B218A0CE700094BC4 /* Sources */ = {
			isa = PBXSourcesBuildPhase;
			buildActionMask = 2147483647;
			files = (
				1B148223218D12C30062AC4A /* RelayUITestDependencyKeys.swift in Sources */,
				1B148224218D15F60062AC4A /* DependencyKeyExtensions.swift in Sources */,
				1B6681A4218A0CE700094BC4 /* RelayExampleIOSUITests.swift in Sources */,
			);
			runOnlyForDeploymentPostprocessing = 0;
		};
/* End PBXSourcesBuildPhase section */

/* Begin PBXTargetDependency section */
		1B668196218A0CE700094BC4 /* PBXTargetDependency */ = {
			isa = PBXTargetDependency;
			target = 1B66817F218A0CE500094BC4 /* RelayExampleIOS */;
			targetProxy = 1B668195218A0CE700094BC4 /* PBXContainerItemProxy */;
		};
		1B6681A1218A0CE700094BC4 /* PBXTargetDependency */ = {
			isa = PBXTargetDependency;
			target = 1B66817F218A0CE500094BC4 /* RelayExampleIOS */;
			targetProxy = 1B6681A0218A0CE700094BC4 /* PBXContainerItemProxy */;
		};
/* End PBXTargetDependency section */

/* Begin PBXVariantGroup section */
		1B668187218A0CE500094BC4 /* Main.storyboard */ = {
			isa = PBXVariantGroup;
			children = (
				1B668188218A0CE500094BC4 /* Base */,
			);
			name = Main.storyboard;
			sourceTree = "<group>";
		};
		1B66818C218A0CE700094BC4 /* LaunchScreen.storyboard */ = {
			isa = PBXVariantGroup;
			children = (
				1B66818D218A0CE700094BC4 /* Base */,
			);
			name = LaunchScreen.storyboard;
			sourceTree = "<group>";
		};
/* End PBXVariantGroup section */

/* Begin XCBuildConfiguration section */
		1B6681A6218A0CE700094BC4 /* Debug */ = {
			isa = XCBuildConfiguration;
			buildSettings = {
				ALWAYS_SEARCH_USER_PATHS = NO;
				CLANG_ANALYZER_NONNULL = YES;
				CLANG_ANALYZER_NUMBER_OBJECT_CONVERSION = YES_AGGRESSIVE;
				CLANG_CXX_LANGUAGE_STANDARD = "gnu++14";
				CLANG_CXX_LIBRARY = "libc++";
				CLANG_ENABLE_MODULES = YES;
				CLANG_ENABLE_OBJC_ARC = YES;
				CLANG_ENABLE_OBJC_WEAK = YES;
				CLANG_WARN_BLOCK_CAPTURE_AUTORELEASING = YES;
				CLANG_WARN_BOOL_CONVERSION = YES;
				CLANG_WARN_COMMA = YES;
				CLANG_WARN_CONSTANT_CONVERSION = YES;
				CLANG_WARN_DEPRECATED_OBJC_IMPLEMENTATIONS = YES;
				CLANG_WARN_DIRECT_OBJC_ISA_USAGE = YES_ERROR;
				CLANG_WARN_DOCUMENTATION_COMMENTS = YES;
				CLANG_WARN_EMPTY_BODY = YES;
				CLANG_WARN_ENUM_CONVERSION = YES;
				CLANG_WARN_INFINITE_RECURSION = YES;
				CLANG_WARN_INT_CONVERSION = YES;
				CLANG_WARN_NON_LITERAL_NULL_CONVERSION = YES;
				CLANG_WARN_OBJC_IMPLICIT_RETAIN_SELF = YES;
				CLANG_WARN_OBJC_LITERAL_CONVERSION = YES;
				CLANG_WARN_OBJC_ROOT_CLASS = YES_ERROR;
				CLANG_WARN_RANGE_LOOP_ANALYSIS = YES;
				CLANG_WARN_STRICT_PROTOTYPES = YES;
				CLANG_WARN_SUSPICIOUS_MOVE = YES;
				CLANG_WARN_UNGUARDED_AVAILABILITY = YES_AGGRESSIVE;
				CLANG_WARN_UNREACHABLE_CODE = YES;
				CLANG_WARN__DUPLICATE_METHOD_MATCH = YES;
				CODE_SIGN_IDENTITY = "iPhone Developer";
				COPY_PHASE_STRIP = NO;
				DEBUG_INFORMATION_FORMAT = dwarf;
				ENABLE_STRICT_OBJC_MSGSEND = YES;
				ENABLE_TESTABILITY = YES;
				GCC_C_LANGUAGE_STANDARD = gnu11;
				GCC_DYNAMIC_NO_PIC = NO;
				GCC_NO_COMMON_BLOCKS = YES;
				GCC_OPTIMIZATION_LEVEL = 0;
				GCC_PREPROCESSOR_DEFINITIONS = (
					"DEBUG=1",
					"$(inherited)",
				);
				GCC_WARN_64_TO_32_BIT_CONVERSION = YES;
				GCC_WARN_ABOUT_RETURN_TYPE = YES_ERROR;
				GCC_WARN_UNDECLARED_SELECTOR = YES;
				GCC_WARN_UNINITIALIZED_AUTOS = YES_AGGRESSIVE;
				GCC_WARN_UNUSED_FUNCTION = YES;
				GCC_WARN_UNUSED_VARIABLE = YES;
				IPHONEOS_DEPLOYMENT_TARGET = 12.0;
				MTL_ENABLE_DEBUG_INFO = INCLUDE_SOURCE;
				MTL_FAST_MATH = YES;
				ONLY_ACTIVE_ARCH = YES;
				SDKROOT = iphoneos;
				SWIFT_ACTIVE_COMPILATION_CONDITIONS = DEBUG;
				SWIFT_OPTIMIZATION_LEVEL = "-Onone";
			};
			name = Debug;
		};
		1B6681A7218A0CE700094BC4 /* Release */ = {
			isa = XCBuildConfiguration;
			buildSettings = {
				ALWAYS_SEARCH_USER_PATHS = NO;
				CLANG_ANALYZER_NONNULL = YES;
				CLANG_ANALYZER_NUMBER_OBJECT_CONVERSION = YES_AGGRESSIVE;
				CLANG_CXX_LANGUAGE_STANDARD = "gnu++14";
				CLANG_CXX_LIBRARY = "libc++";
				CLANG_ENABLE_MODULES = YES;
				CLANG_ENABLE_OBJC_ARC = YES;
				CLANG_ENABLE_OBJC_WEAK = YES;
				CLANG_WARN_BLOCK_CAPTURE_AUTORELEASING = YES;
				CLANG_WARN_BOOL_CONVERSION = YES;
				CLANG_WARN_COMMA = YES;
				CLANG_WARN_CONSTANT_CONVERSION = YES;
				CLANG_WARN_DEPRECATED_OBJC_IMPLEMENTATIONS = YES;
				CLANG_WARN_DIRECT_OBJC_ISA_USAGE = YES_ERROR;
				CLANG_WARN_DOCUMENTATION_COMMENTS = YES;
				CLANG_WARN_EMPTY_BODY = YES;
				CLANG_WARN_ENUM_CONVERSION = YES;
				CLANG_WARN_INFINITE_RECURSION = YES;
				CLANG_WARN_INT_CONVERSION = YES;
				CLANG_WARN_NON_LITERAL_NULL_CONVERSION = YES;
				CLANG_WARN_OBJC_IMPLICIT_RETAIN_SELF = YES;
				CLANG_WARN_OBJC_LITERAL_CONVERSION = YES;
				CLANG_WARN_OBJC_ROOT_CLASS = YES_ERROR;
				CLANG_WARN_RANGE_LOOP_ANALYSIS = YES;
				CLANG_WARN_STRICT_PROTOTYPES = YES;
				CLANG_WARN_SUSPICIOUS_MOVE = YES;
				CLANG_WARN_UNGUARDED_AVAILABILITY = YES_AGGRESSIVE;
				CLANG_WARN_UNREACHABLE_CODE = YES;
				CLANG_WARN__DUPLICATE_METHOD_MATCH = YES;
				CODE_SIGN_IDENTITY = "iPhone Developer";
				COPY_PHASE_STRIP = NO;
				DEBUG_INFORMATION_FORMAT = "dwarf-with-dsym";
				ENABLE_NS_ASSERTIONS = NO;
				ENABLE_STRICT_OBJC_MSGSEND = YES;
				GCC_C_LANGUAGE_STANDARD = gnu11;
				GCC_NO_COMMON_BLOCKS = YES;
				GCC_WARN_64_TO_32_BIT_CONVERSION = YES;
				GCC_WARN_ABOUT_RETURN_TYPE = YES_ERROR;
				GCC_WARN_UNDECLARED_SELECTOR = YES;
				GCC_WARN_UNINITIALIZED_AUTOS = YES_AGGRESSIVE;
				GCC_WARN_UNUSED_FUNCTION = YES;
				GCC_WARN_UNUSED_VARIABLE = YES;
				IPHONEOS_DEPLOYMENT_TARGET = 12.0;
				MTL_ENABLE_DEBUG_INFO = NO;
				MTL_FAST_MATH = YES;
				SDKROOT = iphoneos;
				SWIFT_COMPILATION_MODE = wholemodule;
				SWIFT_OPTIMIZATION_LEVEL = "-O";
				VALIDATE_PRODUCT = YES;
			};
			name = Release;
		};
		1B6681A9218A0CE700094BC4 /* Debug */ = {
			isa = XCBuildConfiguration;
			buildSettings = {
				ASSETCATALOG_COMPILER_APPICON_NAME = AppIcon;
				CODE_SIGN_STYLE = Automatic;
				INFOPLIST_FILE = RelayExampleIOS/Info.plist;
				LD_RUNPATH_SEARCH_PATHS = (
					"$(inherited)",
					"@executable_path/Frameworks",
				);
				PRODUCT_BUNDLE_IDENTIFIER = com.mindbodyonline.RelayExampleIOS;
				PRODUCT_NAME = "$(TARGET_NAME)";
				SWIFT_VERSION = 4.2;
				TARGETED_DEVICE_FAMILY = "1,2";
			};
			name = Debug;
		};
		1B6681AA218A0CE700094BC4 /* Release */ = {
			isa = XCBuildConfiguration;
			buildSettings = {
				ASSETCATALOG_COMPILER_APPICON_NAME = AppIcon;
				CODE_SIGN_STYLE = Automatic;
				INFOPLIST_FILE = RelayExampleIOS/Info.plist;
				LD_RUNPATH_SEARCH_PATHS = (
					"$(inherited)",
					"@executable_path/Frameworks",
				);
				PRODUCT_BUNDLE_IDENTIFIER = com.mindbodyonline.RelayExampleIOS;
				PRODUCT_NAME = "$(TARGET_NAME)";
				SWIFT_VERSION = 4.2;
				TARGETED_DEVICE_FAMILY = "1,2";
			};
			name = Release;
		};
		1B6681AC218A0CE700094BC4 /* Debug */ = {
			isa = XCBuildConfiguration;
			buildSettings = {
				ALWAYS_EMBED_SWIFT_STANDARD_LIBRARIES = YES;
				BUNDLE_LOADER = "$(TEST_HOST)";
				CODE_SIGN_STYLE = Automatic;
				INFOPLIST_FILE = RelayExampleIOSTests/Info.plist;
				LD_RUNPATH_SEARCH_PATHS = (
					"$(inherited)",
					"@executable_path/Frameworks",
					"@loader_path/Frameworks",
				);
				PRODUCT_BUNDLE_IDENTIFIER = com.mindbodyonline.RelayExampleIOSTests;
				PRODUCT_NAME = "$(TARGET_NAME)";
				SWIFT_VERSION = 4.2;
				TARGETED_DEVICE_FAMILY = "1,2";
				TEST_HOST = "$(BUILT_PRODUCTS_DIR)/RelayExampleIOS.app/RelayExampleIOS";
			};
			name = Debug;
		};
		1B6681AD218A0CE700094BC4 /* Release */ = {
			isa = XCBuildConfiguration;
			buildSettings = {
				ALWAYS_EMBED_SWIFT_STANDARD_LIBRARIES = YES;
				BUNDLE_LOADER = "$(TEST_HOST)";
				CODE_SIGN_STYLE = Automatic;
				INFOPLIST_FILE = RelayExampleIOSTests/Info.plist;
				LD_RUNPATH_SEARCH_PATHS = (
					"$(inherited)",
					"@executable_path/Frameworks",
					"@loader_path/Frameworks",
				);
				PRODUCT_BUNDLE_IDENTIFIER = com.mindbodyonline.RelayExampleIOSTests;
				PRODUCT_NAME = "$(TARGET_NAME)";
				SWIFT_VERSION = 4.2;
				TARGETED_DEVICE_FAMILY = "1,2";
				TEST_HOST = "$(BUILT_PRODUCTS_DIR)/RelayExampleIOS.app/RelayExampleIOS";
			};
			name = Release;
		};
		1B6681AF218A0CE700094BC4 /* Debug */ = {
			isa = XCBuildConfiguration;
			buildSettings = {
				ALWAYS_EMBED_SWIFT_STANDARD_LIBRARIES = YES;
				CODE_SIGN_STYLE = Automatic;
				INFOPLIST_FILE = RelayExampleIOSUITests/Info.plist;
				LD_RUNPATH_SEARCH_PATHS = (
					"$(inherited)",
					"@executable_path/Frameworks",
					"@loader_path/Frameworks",
				);
				PRODUCT_BUNDLE_IDENTIFIER = com.mindbodyonline.RelayExampleIOSUITests;
				PRODUCT_NAME = "$(TARGET_NAME)";
				SWIFT_VERSION = 4.2;
				TARGETED_DEVICE_FAMILY = "1,2";
				TEST_TARGET_NAME = RelayExampleIOS;
			};
			name = Debug;
		};
		1B6681B0218A0CE700094BC4 /* Release */ = {
			isa = XCBuildConfiguration;
			buildSettings = {
				ALWAYS_EMBED_SWIFT_STANDARD_LIBRARIES = YES;
				CODE_SIGN_STYLE = Automatic;
				INFOPLIST_FILE = RelayExampleIOSUITests/Info.plist;
				LD_RUNPATH_SEARCH_PATHS = (
					"$(inherited)",
					"@executable_path/Frameworks",
					"@loader_path/Frameworks",
				);
				PRODUCT_BUNDLE_IDENTIFIER = com.mindbodyonline.RelayExampleIOSUITests;
				PRODUCT_NAME = "$(TARGET_NAME)";
				SWIFT_VERSION = 4.2;
				TARGETED_DEVICE_FAMILY = "1,2";
				TEST_TARGET_NAME = RelayExampleIOS;
			};
			name = Release;
		};
/* End XCBuildConfiguration section */

/* Begin XCConfigurationList section */
		1B66817B218A0CE400094BC4 /* Build configuration list for PBXProject "RelayExampleIOS" */ = {
			isa = XCConfigurationList;
			buildConfigurations = (
				1B6681A6218A0CE700094BC4 /* Debug */,
				1B6681A7218A0CE700094BC4 /* Release */,
			);
			defaultConfigurationIsVisible = 0;
			defaultConfigurationName = Release;
		};
		1B6681A8218A0CE700094BC4 /* Build configuration list for PBXNativeTarget "RelayExampleIOS" */ = {
			isa = XCConfigurationList;
			buildConfigurations = (
				1B6681A9218A0CE700094BC4 /* Debug */,
				1B6681AA218A0CE700094BC4 /* Release */,
			);
			defaultConfigurationIsVisible = 0;
			defaultConfigurationName = Release;
		};
		1B6681AB218A0CE700094BC4 /* Build configuration list for PBXNativeTarget "RelayExampleIOSTests" */ = {
			isa = XCConfigurationList;
			buildConfigurations = (
				1B6681AC218A0CE700094BC4 /* Debug */,
				1B6681AD218A0CE700094BC4 /* Release */,
			);
			defaultConfigurationIsVisible = 0;
			defaultConfigurationName = Release;
		};
		1B6681AE218A0CE700094BC4 /* Build configuration list for PBXNativeTarget "RelayExampleIOSUITests" */ = {
			isa = XCConfigurationList;
			buildConfigurations = (
				1B6681AF218A0CE700094BC4 /* Debug */,
				1B6681B0218A0CE700094BC4 /* Release */,
			);
			defaultConfigurationIsVisible = 0;
			defaultConfigurationName = Release;
		};
/* End XCConfigurationList section */
	};
	rootObject = 1B668178218A0CE400094BC4 /* Project object */;
}
